
Microsoft Visual Studio Solution File, Format Version 12.00
# Visual Studio Version 16
VisualStudioVersion = 16.0.29926.136
MinimumVisualStudioVersion = 10.0.40219.1
Project("{FAE04EC0-301F-11D3-BF4B-00C04F79EFBC}") = "AvitoMessage", "AvitoMessage\AvitoMessage.csproj", "{D9FFF7E4-B6D7-4C66-8F40-C8E55763C297}"
EndProject
Global
	GlobalSection(SolutionConfigurationPlatforms) = preSolution
		Debug|Any CPU = Debug|Any CPU
		Release|Any CPU = Release|Any CPU
	EndGlobalSection
	GlobalSection(ProjectConfigurationPlatforms) = postSolution
		{D9FFF7E4-B6D7-4C66-8F40-C8E55763C297}.Debug|Any CPU.ActiveCfg = Debug|Any CPU
		{D9FFF7E4-B6D7-4C66-8F40-C8E55763C297}.Debug|Any CPU.Build.0 = Debug|Any CPU
		{D9FFF7E4-B6D7-4C66-8F40-C8E55763C297}.Release|Any CPU.ActiveCfg = Release|Any CPU
		{D9FFF7E4-B6D7-4C66-8F40-C8E55763C297}.Release|Any CPU.Build.0 = Release|Any CPU
	EndGlobalSection
	GlobalSection(SolutionProperties) = preSolution
		HideSolutionNode = FALSE
	EndGlobalSection
	GlobalSection(ExtensibilityGlobals) = postSolution
		SolutionGuid = {EB567268-EF35-4DBF-AE7F-8D7B83C35D93}
	EndGlobalSection
EndGlobal
